// !$*UTF8*$!
{
	archiveVersion = 1;
	classes = {
	};
	objectVersion = 56;
	objects = {

/* Begin PBXBuildFile section */
		333E25112EA7AB350017B49D /* RootView.swift in Sources */ = {isa = PBXBuildFile; fileRef = 333E25102EA7AB350017B49D /* RootView.swift */; };
		335CA78F2EA1A58400C17FD1 /* _MApp.swift in Sources */ = {isa = PBXBuildFile; fileRef = 335CA78E2EA1A58400C17FD1 /* _MApp.swift */; };
		335CA7912EA1A58400C17FD1 /* ContentView.swift in Sources */ = {isa = PBXBuildFile; fileRef = 335CA7902EA1A58400C17FD1 /* ContentView.swift */; };
		335CA7932EA1A58500C17FD1 /* Assets.xcassets in Resources */ = {isa = PBXBuildFile; fileRef = 335CA7922EA1A58500C17FD1 /* Assets.xcassets */; };
		335CA7962EA1A58500C17FD1 /* Preview Assets.xcassets in Resources */ = {isa = PBXBuildFile; fileRef = 335CA7952EA1A58500C17FD1 /* Preview Assets.xcassets */; };
		335CA7A02EA1A58500C17FD1 /* _MTests.swift in Sources */ = {isa = PBXBuildFile; fileRef = 335CA79F2EA1A58500C17FD1 /* _MTests.swift */; };
		335CA7AA2EA1A58500C17FD1 /* _MUITests.swift in Sources */ = {isa = PBXBuildFile; fileRef = 335CA7A92EA1A58500C17FD1 /* _MUITests.swift */; };
		335CA7AC2EA1A58500C17FD1 /* _MUITestsLaunchTests.swift in Sources */ = {isa = PBXBuildFile; fileRef = 335CA7AB2EA1A58500C17FD1 /* _MUITestsLaunchTests.swift */; };
		335CA7BB2EA1A81700C17FD1 /* MainTabView.swift in Sources */ = {isa = PBXBuildFile; fileRef = 335CA7BA2EA1A81700C17FD1 /* MainTabView.swift */; };
		335CA7BD2EA1A89100C17FD1 /* SettingsView.swift in Sources */ = {isa = PBXBuildFile; fileRef = 335CA7BC2EA1A89100C17FD1 /* SettingsView.swift */; };
		335CA7BF2EA1A8FF00C17FD1 /* PersistenceController.swift in Sources */ = {isa = PBXBuildFile; fileRef = 335CA7BE2EA1A8FF00C17FD1 /* PersistenceController.swift */; };
		335CA7C42EA1AF0700C17FD1 /* Animal+CoreDataClass.swift in Sources */ = {isa = PBXBuildFile; fileRef = 335CA7C32EA1AF0700C17FD1 /* Animal+CoreDataClass.swift */; };
		335CA7C62EA1AF5D00C17FD1 /* CacheManager.swift in Sources */ = {isa = PBXBuildFile; fileRef = 335CA7C52EA1AF5D00C17FD1 /* CacheManager.swift */; };
		335CA7C82EA1AF9500C17FD1 /* NotificationManager.swift in Sources */ = {isa = PBXBuildFile; fileRef = 335CA7C72EA1AF9500C17FD1 /* NotificationManager.swift */; };
		335CA7CA2EA1B03F00C17FD1 /* NotificationDelegate.swift in Sources */ = {isa = PBXBuildFile; fileRef = 335CA7C92EA1B03F00C17FD1 /* NotificationDelegate.swift */; };
		335CA7CC2EA1B08F00C17FD1 /* AnimalListView.swift in Sources */ = {isa = PBXBuildFile; fileRef = 335CA7CB2EA1B08F00C17FD1 /* AnimalListView.swift */; };
		338626F22EA54F66000BA2CF /* FollowingView.swift in Sources */ = {isa = PBXBuildFile; fileRef = 338626F12EA54F66000BA2CF /* FollowingView.swift */; };
		338626F42EA552EE000BA2CF /* FilterView.swift in Sources */ = {isa = PBXBuildFile; fileRef = 338626F32EA552EE000BA2CF /* FilterView.swift */; };
		33BE0AD72EAA2B58002DEC14 /* FileManager.swift in Sources */ = {isa = PBXBuildFile; fileRef = 33BE0AD62EAA2B58002DEC14 /* FileManager.swift */; };
		33D9467E2EA91C1900B58A8B /* AnimalDetailView.swift in Sources */ = {isa = PBXBuildFile; fileRef = 33D9467D2EA91C1900B58A8B /* AnimalDetailView.swift */; };
		33FB7DF42EA953F3007B5A58 /* AdocaoModel.xcdatamodeld in Sources */ = {isa = PBXBuildFile; fileRef = 33FB7DF22EA953F3007B5A58 /* AdocaoModel.xcdatamodeld */; };
		33FB7DF62EA954D0007B5A58 /* MockData.swift in Sources */ = {isa = PBXBuildFile; fileRef = 33FB7DF52EA954D0007B5A58 /* MockData.swift */; };
/* End PBXBuildFile section */

/* Begin PBXContainerItemProxy section */
		335CA79C2EA1A58500C17FD1 /* PBXContainerItemProxy */ = {
			isa = PBXContainerItemProxy;
			containerPortal = 335CA7832EA1A58400C17FD1 /* Project object */;
			proxyType = 1;
			remoteGlobalIDString = 335CA78A2EA1A58400C17FD1;
			remoteInfo = 1M;
		};
		335CA7A62EA1A58500C17FD1 /* PBXContainerItemProxy */ = {
			isa = PBXContainerItemProxy;
			containerPortal = 335CA7832EA1A58400C17FD1 /* Project object */;
			proxyType = 1;
			remoteGlobalIDString = 335CA78A2EA1A58400C17FD1;
			remoteInfo = 1M;
		};
/* End PBXContainerItemProxy section */

/* Begin PBXFileReference section */
		051BC7372EABE4F6007CB657 /* -M-Info.plist */ = {isa = PBXFileReference; lastKnownFileType = text.plist; path = "-M-Info.plist"; sourceTree = SOURCE_ROOT; };
		333E25102EA7AB350017B49D /* RootView.swift */ = {isa = PBXFileReference; lastKnownFileType = sourcecode.swift; path = RootView.swift; sourceTree = "<group>"; };
		335CA78B2EA1A58400C17FD1 /* 1M.app */ = {isa = PBXFileReference; explicitFileType = wrapper.application; includeInIndex = 0; path = 1M.app; sourceTree = BUILT_PRODUCTS_DIR; };
		335CA78E2EA1A58400C17FD1 /* _MApp.swift */ = {isa = PBXFileReference; lastKnownFileType = sourcecode.swift; path = _MApp.swift; sourceTree = "<group>"; };
		335CA7902EA1A58400C17FD1 /* ContentView.swift */ = {isa = PBXFileReference; lastKnownFileType = sourcecode.swift; path = ContentView.swift; sourceTree = "<group>"; };
		335CA7922EA1A58500C17FD1 /* Assets.xcassets */ = {isa = PBXFileReference; lastKnownFileType = folder.assetcatalog; path = Assets.xcassets; sourceTree = "<group>"; };
		335CA7952EA1A58500C17FD1 /* Preview Assets.xcassets */ = {isa = PBXFileReference; lastKnownFileType = folder.assetcatalog; path = "Preview Assets.xcassets"; sourceTree = "<group>"; };
		335CA79B2EA1A58500C17FD1 /* 1MTests.xctest */ = {isa = PBXFileReference; explicitFileType = wrapper.cfbundle; includeInIndex = 0; path = 1MTests.xctest; sourceTree = BUILT_PRODUCTS_DIR; };
		335CA79F2EA1A58500C17FD1 /* _MTests.swift */ = {isa = PBXFileReference; lastKnownFileType = sourcecode.swift; path = _MTests.swift; sourceTree = "<group>"; };
		335CA7A52EA1A58500C17FD1 /* 1MUITests.xctest */ = {isa = PBXFileReference; explicitFileType = wrapper.cfbundle; includeInIndex = 0; path = 1MUITests.xctest; sourceTree = BUILT_PRODUCTS_DIR; };
		335CA7A92EA1A58500C17FD1 /* _MUITests.swift */ = {isa = PBXFileReference; lastKnownFileType = sourcecode.swift; path = _MUITests.swift; sourceTree = "<group>"; };
		335CA7AB2EA1A58500C17FD1 /* _MUITestsLaunchTests.swift */ = {isa = PBXFileReference; lastKnownFileType = sourcecode.swift; path = _MUITestsLaunchTests.swift; sourceTree = "<group>"; };
		335CA7BA2EA1A81700C17FD1 /* MainTabView.swift */ = {isa = PBXFileReference; lastKnownFileType = sourcecode.swift; path = MainTabView.swift; sourceTree = "<group>"; };
		335CA7BC2EA1A89100C17FD1 /* SettingsView.swift */ = {isa = PBXFileReference; lastKnownFileType = sourcecode.swift; path = SettingsView.swift; sourceTree = "<group>"; };
		335CA7BE2EA1A8FF00C17FD1 /* PersistenceController.swift */ = {isa = PBXFileReference; lastKnownFileType = sourcecode.swift; path = PersistenceController.swift; sourceTree = "<group>"; };
		335CA7C32EA1AF0700C17FD1 /* Animal+CoreDataClass.swift */ = {isa = PBXFileReference; lastKnownFileType = sourcecode.swift; path = "Animal+CoreDataClass.swift"; sourceTree = "<group>"; };
		335CA7C52EA1AF5D00C17FD1 /* CacheManager.swift */ = {isa = PBXFileReference; lastKnownFileType = sourcecode.swift; path = CacheManager.swift; sourceTree = "<group>"; };
		335CA7C72EA1AF9500C17FD1 /* NotificationManager.swift */ = {isa = PBXFileReference; lastKnownFileType = sourcecode.swift; path = NotificationManager.swift; sourceTree = "<group>"; };
		335CA7C92EA1B03F00C17FD1 /* NotificationDelegate.swift */ = {isa = PBXFileReference; lastKnownFileType = sourcecode.swift; path = NotificationDelegate.swift; sourceTree = "<group>"; };
		335CA7CB2EA1B08F00C17FD1 /* AnimalListView.swift */ = {isa = PBXFileReference; lastKnownFileType = sourcecode.swift; path = AnimalListView.swift; sourceTree = "<group>"; };
		338626F12EA54F66000BA2CF /* FollowingView.swift */ = {isa = PBXFileReference; lastKnownFileType = sourcecode.swift; path = FollowingView.swift; sourceTree = "<group>"; };
		338626F32EA552EE000BA2CF /* FilterView.swift */ = {isa = PBXFileReference; lastKnownFileType = sourcecode.swift; path = FilterView.swift; sourceTree = "<group>"; };
		33BE0AD62EAA2B58002DEC14 /* FileManager.swift */ = {isa = PBXFileReference; lastKnownFileType = sourcecode.swift; path = FileManager.swift; sourceTree = "<group>"; };
		33D9467D2EA91C1900B58A8B /* AnimalDetailView.swift */ = {isa = PBXFileReference; lastKnownFileType = sourcecode.swift; path = AnimalDetailView.swift; sourceTree = "<group>"; };
		33FB7DF32EA953F3007B5A58 /* AdocaoModel.xcdatamodel */ = {isa = PBXFileReference; lastKnownFileType = wrapper.xcdatamodel; path = AdocaoModel.xcdatamodel; sourceTree = "<group>"; };
		33FB7DF52EA954D0007B5A58 /* MockData.swift */ = {isa = PBXFileReference; lastKnownFileType = sourcecode.swift; path = MockData.swift; sourceTree = "<group>"; };
/* End PBXFileReference section */

/* Begin PBXFrameworksBuildPhase section */
		335CA7882EA1A58400C17FD1 /* Frameworks */ = {
			isa = PBXFrameworksBuildPhase;
			buildActionMask = 2147483647;
			files = (
			);
			runOnlyForDeploymentPostprocessing = 0;
		};
		335CA7982EA1A58500C17FD1 /* Frameworks */ = {
			isa = PBXFrameworksBuildPhase;
			buildActionMask = 2147483647;
			files = (
			);
			runOnlyForDeploymentPostprocessing = 0;
		};
		335CA7A22EA1A58500C17FD1 /* Frameworks */ = {
			isa = PBXFrameworksBuildPhase;
			buildActionMask = 2147483647;
			files = (
			);
			runOnlyForDeploymentPostprocessing = 0;
		};
/* End PBXFrameworksBuildPhase section */

/* Begin PBXGroup section */
		332D0F082EB2418D004E62A7 /* Views */ = {
			isa = PBXGroup;
			children = (
				335CA7BA2EA1A81700C17FD1 /* MainTabView.swift */,
				335CA7BC2EA1A89100C17FD1 /* SettingsView.swift */,
				335CA7CB2EA1B08F00C17FD1 /* AnimalListView.swift */,
				335CA7902EA1A58400C17FD1 /* ContentView.swift */,
				333E25102EA7AB350017B49D /* RootView.swift */,
				33D9467D2EA91C1900B58A8B /* AnimalDetailView.swift */,
				338626F32EA552EE000BA2CF /* FilterView.swift */,
				338626F12EA54F66000BA2CF /* FollowingView.swift */,
			);
			path = Views;
			sourceTree = "<group>";
		};
		332D0F092EB24200004E62A7 /* Notification */ = {
			isa = PBXGroup;
			children = (
				335CA7C72EA1AF9500C17FD1 /* NotificationManager.swift */,
				335CA7C92EA1B03F00C17FD1 /* NotificationDelegate.swift */,
			);
			path = Notification;
			sourceTree = "<group>";
		};
		335CA7822EA1A58400C17FD1 = {
			isa = PBXGroup;
			children = (
				335CA78D2EA1A58400C17FD1 /* 1M */,
				335CA79E2EA1A58500C17FD1 /* 1MTests */,
				335CA7A82EA1A58500C17FD1 /* 1MUITests */,
				335CA78C2EA1A58400C17FD1 /* Products */,
			);
			sourceTree = "<group>";
		};
		335CA78C2EA1A58400C17FD1 /* Products */ = {
			isa = PBXGroup;
			children = (
				335CA78B2EA1A58400C17FD1 /* 1M.app */,
				335CA79B2EA1A58500C17FD1 /* 1MTests.xctest */,
				335CA7A52EA1A58500C17FD1 /* 1MUITests.xctest */,
			);
			name = Products;
			sourceTree = "<group>";
		};
		335CA78D2EA1A58400C17FD1 /* 1M */ = {
			isa = PBXGroup;
			children = (
				332D0F092EB24200004E62A7 /* Notification */,
				332D0F082EB2418D004E62A7 /* Views */,
				051BC7372EABE4F6007CB657 /* -M-Info.plist */,
				33FB7DF22EA953F3007B5A58 /* AdocaoModel.xcdatamodeld */,
				335CA78E2EA1A58400C17FD1 /* _MApp.swift */,
				335CA7922EA1A58500C17FD1 /* Assets.xcassets */,
				335CA7942EA1A58500C17FD1 /* Preview Content */,
				335CA7BE2EA1A8FF00C17FD1 /* PersistenceController.swift */,
				335CA7C32EA1AF0700C17FD1 /* Animal+CoreDataClass.swift */,
				335CA7C52EA1AF5D00C17FD1 /* CacheManager.swift */,
				33FB7DF52EA954D0007B5A58 /* MockData.swift */,
				33BE0AD62EAA2B58002DEC14 /* FileManager.swift */,
			);
			path = 1M;
			sourceTree = "<group>";
		};
		335CA7942EA1A58500C17FD1 /* Preview Content */ = {
			isa = PBXGroup;
			children = (
				335CA7952EA1A58500C17FD1 /* Preview Assets.xcassets */,
			);
			path = "Preview Content";
			sourceTree = "<group>";
		};
		335CA79E2EA1A58500C17FD1 /* 1MTests */ = {
			isa = PBXGroup;
			children = (
				335CA79F2EA1A58500C17FD1 /* _MTests.swift */,
			);
			path = 1MTests;
			sourceTree = "<group>";
		};
		335CA7A82EA1A58500C17FD1 /* 1MUITests */ = {
			isa = PBXGroup;
			children = (
				335CA7A92EA1A58500C17FD1 /* _MUITests.swift */,
				335CA7AB2EA1A58500C17FD1 /* _MUITestsLaunchTests.swift */,
			);
			path = 1MUITests;
			sourceTree = "<group>";
		};
/* End PBXGroup section */

/* Begin PBXNativeTarget section */
		335CA78A2EA1A58400C17FD1 /* 1M */ = {
			isa = PBXNativeTarget;
			buildConfigurationList = 335CA7AF2EA1A58500C17FD1 /* Build configuration list for PBXNativeTarget "1M" */;
			buildPhases = (
				335CA7872EA1A58400C17FD1 /* Sources */,
				335CA7882EA1A58400C17FD1 /* Frameworks */,
				335CA7892EA1A58400C17FD1 /* Resources */,
			);
			buildRules = (
			);
			dependencies = (
			);
			name = 1M;
			productName = 1M;
			productReference = 335CA78B2EA1A58400C17FD1 /* 1M.app */;
			productType = "com.apple.product-type.application";
		};
		335CA79A2EA1A58500C17FD1 /* 1MTests */ = {
			isa = PBXNativeTarget;
			buildConfigurationList = 335CA7B22EA1A58500C17FD1 /* Build configuration list for PBXNativeTarget "1MTests" */;
			buildPhases = (
				335CA7972EA1A58500C17FD1 /* Sources */,
				335CA7982EA1A58500C17FD1 /* Frameworks */,
				335CA7992EA1A58500C17FD1 /* Resources */,
			);
			buildRules = (
			);
			dependencies = (
				335CA79D2EA1A58500C17FD1 /* PBXTargetDependency */,
			);
			name = 1MTests;
			productName = 1MTests;
			productReference = 335CA79B2EA1A58500C17FD1 /* 1MTests.xctest */;
			productType = "com.apple.product-type.bundle.unit-test";
		};
		335CA7A42EA1A58500C17FD1 /* 1MUITests */ = {
			isa = PBXNativeTarget;
			buildConfigurationList = 335CA7B52EA1A58500C17FD1 /* Build configuration list for PBXNativeTarget "1MUITests" */;
			buildPhases = (
				335CA7A12EA1A58500C17FD1 /* Sources */,
				335CA7A22EA1A58500C17FD1 /* Frameworks */,
				335CA7A32EA1A58500C17FD1 /* Resources */,
			);
			buildRules = (
			);
			dependencies = (
				335CA7A72EA1A58500C17FD1 /* PBXTargetDependency */,
			);
			name = 1MUITests;
			productName = 1MUITests;
			productReference = 335CA7A52EA1A58500C17FD1 /* 1MUITests.xctest */;
			productType = "com.apple.product-type.bundle.ui-testing";
		};
/* End PBXNativeTarget section */

/* Begin PBXProject section */
		335CA7832EA1A58400C17FD1 /* Project object */ = {
			isa = PBXProject;
			attributes = {
				BuildIndependentTargetsInParallel = 1;
				LastSwiftUpdateCheck = 1520;
				LastUpgradeCheck = 1520;
				TargetAttributes = {
					335CA78A2EA1A58400C17FD1 = {
						CreatedOnToolsVersion = 15.2;
					};
					335CA79A2EA1A58500C17FD1 = {
						CreatedOnToolsVersion = 15.2;
						TestTargetID = 335CA78A2EA1A58400C17FD1;
					};
					335CA7A42EA1A58500C17FD1 = {
						CreatedOnToolsVersion = 15.2;
						TestTargetID = 335CA78A2EA1A58400C17FD1;
					};
				};
			};
			buildConfigurationList = 335CA7862EA1A58400C17FD1 /* Build configuration list for PBXProject "1M" */;
			compatibilityVersion = "Xcode 14.0";
			developmentRegion = en;
			hasScannedForEncodings = 0;
			knownRegions = (
				en,
				Base,
			);
			mainGroup = 335CA7822EA1A58400C17FD1;
			productRefGroup = 335CA78C2EA1A58400C17FD1 /* Products */;
			projectDirPath = "";
			projectRoot = "";
			targets = (
				335CA78A2EA1A58400C17FD1 /* 1M */,
				335CA79A2EA1A58500C17FD1 /* 1MTests */,
				335CA7A42EA1A58500C17FD1 /* 1MUITests */,
			);
		};
/* End PBXProject section */

/* Begin PBXResourcesBuildPhase section */
		335CA7892EA1A58400C17FD1 /* Resources */ = {
			isa = PBXResourcesBuildPhase;
			buildActionMask = 2147483647;
			files = (
				335CA7962EA1A58500C17FD1 /* Preview Assets.xcassets in Resources */,
				335CA7932EA1A58500C17FD1 /* Assets.xcassets in Resources */,
			);
			runOnlyForDeploymentPostprocessing = 0;
		};
		335CA7992EA1A58500C17FD1 /* Resources */ = {
			isa = PBXResourcesBuildPhase;
			buildActionMask = 2147483647;
			files = (
			);
			runOnlyForDeploymentPostprocessing = 0;
		};
		335CA7A32EA1A58500C17FD1 /* Resources */ = {
			isa = PBXResourcesBuildPhase;
			buildActionMask = 2147483647;
			files = (
			);
			runOnlyForDeploymentPostprocessing = 0;
		};
/* End PBXResourcesBuildPhase section */

/* Begin PBXSourcesBuildPhase section */
		335CA7872EA1A58400C17FD1 /* Sources */ = {
			isa = PBXSourcesBuildPhase;
			buildActionMask = 2147483647;
			files = (
				338626F42EA552EE000BA2CF /* FilterView.swift in Sources */,
				33D9467E2EA91C1900B58A8B /* AnimalDetailView.swift in Sources */,
				335CA7CC2EA1B08F00C17FD1 /* AnimalListView.swift in Sources */,
				33FB7DF62EA954D0007B5A58 /* MockData.swift in Sources */,
				335CA7912EA1A58400C17FD1 /* ContentView.swift in Sources */,
				335CA7BD2EA1A89100C17FD1 /* SettingsView.swift in Sources */,
				335CA7C82EA1AF9500C17FD1 /* NotificationManager.swift in Sources */,
				335CA7C42EA1AF0700C17FD1 /* Animal+CoreDataClass.swift in Sources */,
				338626F22EA54F66000BA2CF /* FollowingView.swift in Sources */,
				33FB7DF42EA953F3007B5A58 /* AdocaoModel.xcdatamodeld in Sources */,
				335CA7CA2EA1B03F00C17FD1 /* NotificationDelegate.swift in Sources */,
				335CA7C62EA1AF5D00C17FD1 /* CacheManager.swift in Sources */,
				335CA78F2EA1A58400C17FD1 /* _MApp.swift in Sources */,
				335CA7BB2EA1A81700C17FD1 /* MainTabView.swift in Sources */,
				335CA7BF2EA1A8FF00C17FD1 /* PersistenceController.swift in Sources */,
				33BE0AD72EAA2B58002DEC14 /* FileManager.swift in Sources */,
				333E25112EA7AB350017B49D /* RootView.swift in Sources */,
			);
			runOnlyForDeploymentPostprocessing = 0;
		};
		335CA7972EA1A58500C17FD1 /* Sources */ = {
			isa = PBXSourcesBuildPhase;
			buildActionMask = 2147483647;
			files = (
				335CA7A02EA1A58500C17FD1 /* _MTests.swift in Sources */,
			);
			runOnlyForDeploymentPostprocessing = 0;
		};
		335CA7A12EA1A58500C17FD1 /* Sources */ = {
			isa = PBXSourcesBuildPhase;
			buildActionMask = 2147483647;
			files = (
				335CA7AC2EA1A58500C17FD1 /* _MUITestsLaunchTests.swift in Sources */,
				335CA7AA2EA1A58500C17FD1 /* _MUITests.swift in Sources */,
			);
			runOnlyForDeploymentPostprocessing = 0;
		};
/* End PBXSourcesBuildPhase section */

/* Begin PBXTargetDependency section */
		335CA79D2EA1A58500C17FD1 /* PBXTargetDependency */ = {
			isa = PBXTargetDependency;
			target = 335CA78A2EA1A58400C17FD1 /* 1M */;
			targetProxy = 335CA79C2EA1A58500C17FD1 /* PBXContainerItemProxy */;
		};
		335CA7A72EA1A58500C17FD1 /* PBXTargetDependency */ = {
			isa = PBXTargetDependency;
			target = 335CA78A2EA1A58400C17FD1 /* 1M */;
			targetProxy = 335CA7A62EA1A58500C17FD1 /* PBXContainerItemProxy */;
		};
/* End PBXTargetDependency section */

/* Begin XCBuildConfiguration section */
		335CA7AD2EA1A58500C17FD1 /* Debug */ = {
			isa = XCBuildConfiguration;
			buildSettings = {
				ALWAYS_SEARCH_USER_PATHS = NO;
				ASSETCATALOG_COMPILER_GENERATE_SWIFT_ASSET_SYMBOL_EXTENSIONS = YES;
				CLANG_ANALYZER_NONNULL = YES;
				CLANG_ANALYZER_NUMBER_OBJECT_CONVERSION = YES_AGGRESSIVE;
				CLANG_CXX_LANGUAGE_STANDARD = "gnu++20";
				CLANG_ENABLE_MODULES = YES;
				CLANG_ENABLE_OBJC_ARC = YES;
				CLANG_ENABLE_OBJC_WEAK = YES;
				CLANG_WARN_BLOCK_CAPTURE_AUTORELEASING = YES;
				CLANG_WARN_BOOL_CONVERSION = YES;
				CLANG_WARN_COMMA = YES;
				CLANG_WARN_CONSTANT_CONVERSION = YES;
				CLANG_WARN_DEPRECATED_OBJC_IMPLEMENTATIONS = YES;
				CLANG_WARN_DIRECT_OBJC_ISA_USAGE = YES_ERROR;
				CLANG_WARN_DOCUMENTATION_COMMENTS = YES;
				CLANG_WARN_EMPTY_BODY = YES;
				CLANG_WARN_ENUM_CONVERSION = YES;
				CLANG_WARN_INFINITE_RECURSION = YES;
				CLANG_WARN_INT_CONVERSION = YES;
				CLANG_WARN_NON_LITERAL_NULL_CONVERSION = YES;
				CLANG_WARN_OBJC_IMPLICIT_RETAIN_SELF = YES;
				CLANG_WARN_OBJC_LITERAL_CONVERSION = YES;
				CLANG_WARN_OBJC_ROOT_CLASS = YES_ERROR;
				CLANG_WARN_QUOTED_INCLUDE_IN_FRAMEWORK_HEADER = YES;
				CLANG_WARN_RANGE_LOOP_ANALYSIS = YES;
				CLANG_WARN_STRICT_PROTOTYPES = YES;
				CLANG_WARN_SUSPICIOUS_MOVE = YES;
				CLANG_WARN_UNGUARDED_AVAILABILITY = YES_AGGRESSIVE;
				CLANG_WARN_UNREACHABLE_CODE = YES;
				CLANG_WARN__DUPLICATE_METHOD_MATCH = YES;
				COPY_PHASE_STRIP = NO;
				DEBUG_INFORMATION_FORMAT = dwarf;
				ENABLE_STRICT_OBJC_MSGSEND = YES;
				ENABLE_TESTABILITY = YES;
				ENABLE_USER_SCRIPT_SANDBOXING = YES;
				GCC_C_LANGUAGE_STANDARD = gnu17;
				GCC_DYNAMIC_NO_PIC = NO;
				GCC_NO_COMMON_BLOCKS = YES;
				GCC_OPTIMIZATION_LEVEL = 0;
				GCC_PREPROCESSOR_DEFINITIONS = (
					"DEBUG=1",
					"$(inherited)",
				);
				GCC_WARN_64_TO_32_BIT_CONVERSION = YES;
				GCC_WARN_ABOUT_RETURN_TYPE = YES_ERROR;
				GCC_WARN_UNDECLARED_SELECTOR = YES;
				GCC_WARN_UNINITIALIZED_AUTOS = YES_AGGRESSIVE;
				GCC_WARN_UNUSED_FUNCTION = YES;
				GCC_WARN_UNUSED_VARIABLE = YES;
				IPHONEOS_DEPLOYMENT_TARGET = 17.2;
				LOCALIZATION_PREFERS_STRING_CATALOGS = YES;
				MTL_ENABLE_DEBUG_INFO = INCLUDE_SOURCE;
				MTL_FAST_MATH = YES;
				ONLY_ACTIVE_ARCH = YES;
				SDKROOT = iphoneos;
				SWIFT_ACTIVE_COMPILATION_CONDITIONS = "DEBUG $(inherited)";
				SWIFT_OPTIMIZATION_LEVEL = "-Onone";
			};
			name = Debug;
		};
		335CA7AE2EA1A58500C17FD1 /* Release */ = {
			isa = XCBuildConfiguration;
			buildSettings = {
				ALWAYS_SEARCH_USER_PATHS = NO;
				ASSETCATALOG_COMPILER_GENERATE_SWIFT_ASSET_SYMBOL_EXTENSIONS = YES;
				CLANG_ANALYZER_NONNULL = YES;
				CLANG_ANALYZER_NUMBER_OBJECT_CONVERSION = YES_AGGRESSIVE;
				CLANG_CXX_LANGUAGE_STANDARD = "gnu++20";
				CLANG_ENABLE_MODULES = YES;
				CLANG_ENABLE_OBJC_ARC = YES;
				CLANG_ENABLE_OBJC_WEAK = YES;
				CLANG_WARN_BLOCK_CAPTURE_AUTORELEASING = YES;
				CLANG_WARN_BOOL_CONVERSION = YES;
				CLANG_WARN_COMMA = YES;
				CLANG_WARN_CONSTANT_CONVERSION = YES;
				CLANG_WARN_DEPRECATED_OBJC_IMPLEMENTATIONS = YES;
				CLANG_WARN_DIRECT_OBJC_ISA_USAGE = YES_ERROR;
				CLANG_WARN_DOCUMENTATION_COMMENTS = YES;
				CLANG_WARN_EMPTY_BODY = YES;
				CLANG_WARN_ENUM_CONVERSION = YES;
				CLANG_WARN_INFINITE_RECURSION = YES;
				CLANG_WARN_INT_CONVERSION = YES;
				CLANG_WARN_NON_LITERAL_NULL_CONVERSION = YES;
				CLANG_WARN_OBJC_IMPLICIT_RETAIN_SELF = YES;
				CLANG_WARN_OBJC_LITERAL_CONVERSION = YES;
				CLANG_WARN_OBJC_ROOT_CLASS = YES_ERROR;
				CLANG_WARN_QUOTED_INCLUDE_IN_FRAMEWORK_HEADER = YES;
				CLANG_WARN_RANGE_LOOP_ANALYSIS = YES;
				CLANG_WARN_STRICT_PROTOTYPES = YES;
				CLANG_WARN_SUSPICIOUS_MOVE = YES;
				CLANG_WARN_UNGUARDED_AVAILABILITY = YES_AGGRESSIVE;
				CLANG_WARN_UNREACHABLE_CODE = YES;
				CLANG_WARN__DUPLICATE_METHOD_MATCH = YES;
				COPY_PHASE_STRIP = NO;
				DEBUG_INFORMATION_FORMAT = "dwarf-with-dsym";
				ENABLE_NS_ASSERTIONS = NO;
				ENABLE_STRICT_OBJC_MSGSEND = YES;
				ENABLE_USER_SCRIPT_SANDBOXING = YES;
				GCC_C_LANGUAGE_STANDARD = gnu17;
				GCC_NO_COMMON_BLOCKS = YES;
				GCC_WARN_64_TO_32_BIT_CONVERSION = YES;
				GCC_WARN_ABOUT_RETURN_TYPE = YES_ERROR;
				GCC_WARN_UNDECLARED_SELECTOR = YES;
				GCC_WARN_UNINITIALIZED_AUTOS = YES_AGGRESSIVE;
				GCC_WARN_UNUSED_FUNCTION = YES;
				GCC_WARN_UNUSED_VARIABLE = YES;
				IPHONEOS_DEPLOYMENT_TARGET = 17.2;
				LOCALIZATION_PREFERS_STRING_CATALOGS = YES;
				MTL_ENABLE_DEBUG_INFO = NO;
				MTL_FAST_MATH = YES;
				SDKROOT = iphoneos;
				SWIFT_COMPILATION_MODE = wholemodule;
				VALIDATE_PRODUCT = YES;
			};
			name = Release;
		};
		335CA7B02EA1A58500C17FD1 /* Debug */ = {
			isa = XCBuildConfiguration;
			buildSettings = {
				ASSETCATALOG_COMPILER_APPICON_NAME = AppIcon;
				ASSETCATALOG_COMPILER_GLOBAL_ACCENT_COLOR_NAME = AccentColor;
				ASSETCATALOG_COMPILER_INCLUDE_ALL_APPICON_ASSETS = YES;
				CODE_SIGN_STYLE = Automatic;
				CURRENT_PROJECT_VERSION = 1;
				DEVELOPMENT_ASSET_PATHS = "\"1M/Preview Content\"";
				ENABLE_PREVIEWS = YES;
				GENERATE_INFOPLIST_FILE = YES;
				INFOPLIST_FILE = "-M-Info.plist";
				INFOPLIST_KEY_UIApplicationSceneManifest_Generation = YES;
				INFOPLIST_KEY_UIApplicationSupportsIndirectInputEvents = YES;
				INFOPLIST_KEY_UILaunchStoryboardName = LaunchScreen.storyboard;
				INFOPLIST_KEY_UISupportedInterfaceOrientations_iPad = "UIInterfaceOrientationPortrait UIInterfaceOrientationPortraitUpsideDown UIInterfaceOrientationLandscapeLeft UIInterfaceOrientationLandscapeRight";
				INFOPLIST_KEY_UISupportedInterfaceOrientations_iPhone = "UIInterfaceOrientationPortrait UIInterfaceOrientationLandscapeLeft UIInterfaceOrientationLandscapeRight";
				LD_RUNPATH_SEARCH_PATHS = (
					"$(inherited)",
					"@executable_path/Frameworks",
				);
				MARKETING_VERSION = 1.0;
				PRODUCT_BUNDLE_IDENTIFIER = "pt.ipp.estg..-M";
				PRODUCT_NAME = "$(TARGET_NAME)";
				SWIFT_EMIT_LOC_STRINGS = YES;
				SWIFT_VERSION = 5.0;
				TARGETED_DEVICE_FAMILY = "1,2";
			};
			name = Debug;
		};
		335CA7B12EA1A58500C17FD1 /* Release */ = {
			isa = XCBuildConfiguration;
			buildSettings = {
				ASSETCATALOG_COMPILER_APPICON_NAME = AppIcon;
				ASSETCATALOG_COMPILER_GLOBAL_ACCENT_COLOR_NAME = AccentColor;
				ASSETCATALOG_COMPILER_INCLUDE_ALL_APPICON_ASSETS = YES;
				CODE_SIGN_STYLE = Automatic;
				CURRENT_PROJECT_VERSION = 1;
				DEVELOPMENT_ASSET_PATHS = "\"1M/Preview Content\"";
				ENABLE_PREVIEWS = YES;
				GENERATE_INFOPLIST_FILE = YES;
				INFOPLIST_FILE = "-M-Info.plist";
				INFOPLIST_KEY_UIApplicationSceneManifest_Generation = YES;
				INFOPLIST_KEY_UIApplicationSupportsIndirectInputEvents = YES;
				INFOPLIST_KEY_UILaunchStoryboardName = LaunchScreen.storyboard;
				INFOPLIST_KEY_UISupportedInterfaceOrientations_iPad = "UIInterfaceOrientationPortrait UIInterfaceOrientationPortraitUpsideDown UIInterfaceOrientationLandscapeLeft UIInterfaceOrientationLandscapeRight";
				INFOPLIST_KEY_UISupportedInterfaceOrientations_iPhone = "UIInterfaceOrientationPortrait UIInterfaceOrientationLandscapeLeft UIInterfaceOrientationLandscapeRight";
				LD_RUNPATH_SEARCH_PATHS = (
					"$(inherited)",
					"@executable_path/Frameworks",
				);
				MARKETING_VERSION = 1.0;
				PRODUCT_BUNDLE_IDENTIFIER = "pt.ipp.estg..-M";
				PRODUCT_NAME = "$(TARGET_NAME)";
				SWIFT_EMIT_LOC_STRINGS = YES;
				SWIFT_VERSION = 5.0;
				TARGETED_DEVICE_FAMILY = "1,2";
			};
			name = Release;
		};
		335CA7B32EA1A58500C17FD1 /* Debug */ = {
			isa = XCBuildConfiguration;
			buildSettings = {
				ALWAYS_EMBED_SWIFT_STANDARD_LIBRARIES = YES;
				BUNDLE_LOADER = "$(TEST_HOST)";
				CODE_SIGN_STYLE = Automatic;
				CURRENT_PROJECT_VERSION = 1;
				GENERATE_INFOPLIST_FILE = YES;
				IPHONEOS_DEPLOYMENT_TARGET = 17.2;
				MARKETING_VERSION = 1.0;
				PRODUCT_BUNDLE_IDENTIFIER = "pt.ipp.estg..-MTests";
				PRODUCT_NAME = "$(TARGET_NAME)";
				SWIFT_EMIT_LOC_STRINGS = NO;
				SWIFT_VERSION = 5.0;
				TARGETED_DEVICE_FAMILY = "1,2";
				TEST_HOST = "$(BUILT_PRODUCTS_DIR)/1M.app/$(BUNDLE_EXECUTABLE_FOLDER_PATH)/1M";
			};
			name = Debug;
		};
		335CA7B42EA1A58500C17FD1 /* Release */ = {
			isa = XCBuildConfiguration;
			buildSettings = {
				ALWAYS_EMBED_SWIFT_STANDARD_LIBRARIES = YES;
				BUNDLE_LOADER = "$(TEST_HOST)";
				CODE_SIGN_STYLE = Automatic;
				CURRENT_PROJECT_VERSION = 1;
				GENERATE_INFOPLIST_FILE = YES;
				IPHONEOS_DEPLOYMENT_TARGET = 17.2;
				MARKETING_VERSION = 1.0;
				PRODUCT_BUNDLE_IDENTIFIER = "pt.ipp.estg..-MTests";
				PRODUCT_NAME = "$(TARGET_NAME)";
				SWIFT_EMIT_LOC_STRINGS = NO;
				SWIFT_VERSION = 5.0;
				TARGETED_DEVICE_FAMILY = "1,2";
				TEST_HOST = "$(BUILT_PRODUCTS_DIR)/1M.app/$(BUNDLE_EXECUTABLE_FOLDER_PATH)/1M";
			};
			name = Release;
		};
		335CA7B62EA1A58500C17FD1 /* Debug */ = {
			isa = XCBuildConfiguration;
			buildSettings = {
				ALWAYS_EMBED_SWIFT_STANDARD_LIBRARIES = YES;
				CODE_SIGN_STYLE = Automatic;
				CURRENT_PROJECT_VERSION = 1;
				GENERATE_INFOPLIST_FILE = YES;
				MARKETING_VERSION = 1.0;
				PRODUCT_BUNDLE_IDENTIFIER = "pt.ipp.estg..-MUITests";
				PRODUCT_NAME = "$(TARGET_NAME)";
				SWIFT_EMIT_LOC_STRINGS = NO;
				SWIFT_VERSION = 5.0;
				TARGETED_DEVICE_FAMILY = "1,2";
				TEST_TARGET_NAME = 1M;
			};
			name = Debug;
		};
		335CA7B72EA1A58500C17FD1 /* Release */ = {
			isa = XCBuildConfiguration;
			buildSettings = {
				ALWAYS_EMBED_SWIFT_STANDARD_LIBRARIES = YES;
				CODE_SIGN_STYLE = Automatic;
				CURRENT_PROJECT_VERSION = 1;
				GENERATE_INFOPLIST_FILE = YES;
				MARKETING_VERSION = 1.0;
				PRODUCT_BUNDLE_IDENTIFIER = "pt.ipp.estg..-MUITests";
				PRODUCT_NAME = "$(TARGET_NAME)";
				SWIFT_EMIT_LOC_STRINGS = NO;
				SWIFT_VERSION = 5.0;
				TARGETED_DEVICE_FAMILY = "1,2";
				TEST_TARGET_NAME = 1M;
			};
			name = Release;
		};
/* End XCBuildConfiguration section */

/* Begin XCConfigurationList section */
		335CA7862EA1A58400C17FD1 /* Build configuration list for PBXProject "1M" */ = {
			isa = XCConfigurationList;
			buildConfigurations = (
				335CA7AD2EA1A58500C17FD1 /* Debug */,
				335CA7AE2EA1A58500C17FD1 /* Release */,
			);
			defaultConfigurationIsVisible = 0;
			defaultConfigurationName = Release;
		};
		335CA7AF2EA1A58500C17FD1 /* Build configuration list for PBXNativeTarget "1M" */ = {
			isa = XCConfigurationList;
			buildConfigurations = (
				335CA7B02EA1A58500C17FD1 /* Debug */,
				335CA7B12EA1A58500C17FD1 /* Release */,
			);
			defaultConfigurationIsVisible = 0;
			defaultConfigurationName = Release;
		};
		335CA7B22EA1A58500C17FD1 /* Build configuration list for PBXNativeTarget "1MTests" */ = {
			isa = XCConfigurationList;
			buildConfigurations = (
				335CA7B32EA1A58500C17FD1 /* Debug */,
				335CA7B42EA1A58500C17FD1 /* Release */,
			);
			defaultConfigurationIsVisible = 0;
			defaultConfigurationName = Release;
		};
		335CA7B52EA1A58500C17FD1 /* Build configuration list for PBXNativeTarget "1MUITests" */ = {
			isa = XCConfigurationList;
			buildConfigurations = (
				335CA7B62EA1A58500C17FD1 /* Debug */,
				335CA7B72EA1A58500C17FD1 /* Release */,
			);
			defaultConfigurationIsVisible = 0;
			defaultConfigurationName = Release;
		};
/* End XCConfigurationList section */

/* Begin XCVersionGroup section */
		33FB7DF22EA953F3007B5A58 /* AdocaoModel.xcdatamodeld */ = {
			isa = XCVersionGroup;
			children = (
				33FB7DF32EA953F3007B5A58 /* AdocaoModel.xcdatamodel */,
			);
			currentVersion = 33FB7DF32EA953F3007B5A58 /* AdocaoModel.xcdatamodel */;
			path = AdocaoModel.xcdatamodeld;
			sourceTree = "<group>";
			versionGroupType = wrapper.xcdatamodel;
		};
/* End XCVersionGroup section */
	};
	rootObject = 335CA7832EA1A58400C17FD1 /* Project object */;
}
